
Microsoft Visual Studio Solution File, Format Version 12.00
# Visual Studio Version 17
VisualStudioVersion = 17.3.32922.545
MinimumVisualStudioVersion = 10.0.40219.1
Project("{FAE04EC0-301F-11D3-BF4B-00C04F79EFBC}") = "HesapMakinesi", "HesapMakinesi\HesapMakinesi.csproj", "{0F2C8F27-0C50-4389-B4B5-DF7DAA7F3671}"
EndProject
Global
	GlobalSection(SolutionConfigurationPlatforms) = preSolution
		Debug|Any CPU = Debug|Any CPU
		Release|Any CPU = Release|Any CPU
	EndGlobalSection
	GlobalSection(ProjectConfigurationPlatforms) = postSolution
		{0F2C8F27-0C50-4389-B4B5-DF7DAA7F3671}.Debug|Any CPU.ActiveCfg = Debug|Any CPU
		{0F2C8F27-0C50-4389-B4B5-DF7DAA7F3671}.Debug|Any CPU.Build.0 = Debug|Any CPU
		{0F2C8F27-0C50-4389-B4B5-DF7DAA7F3671}.Release|Any CPU.ActiveCfg = Release|Any CPU
		{0F2C8F27-0C50-4389-B4B5-DF7DAA7F3671}.Release|Any CPU.Build.0 = Release|Any CPU
	EndGlobalSection
	GlobalSection(SolutionProperties) = preSolution
		HideSolutionNode = FALSE
	EndGlobalSection
	GlobalSection(ExtensibilityGlobals) = postSolution
		SolutionGuid = {144532E0-7245-4708-A260-AE8116FF069F}
	EndGlobalSection
EndGlobal
